
Microsoft Visual Studio Solution File, Format Version 12.00
# Visual Studio 15
Project("{FAE04EC0-301F-11D3-BF4B-00C04F79EFBC}") = "CFXREditor", "CFXREditor.csproj", "{0B0BE10E-7B7F-B59A-6DF3-1DCA51D7EA57}"
EndProject
Project("{FAE04EC0-301F-11D3-BF4B-00C04F79EFBC}") = "Assembly-CSharp", "Assembly-CSharp.csproj", "{9B700EE0-FA83-772A-5E5D-F36A1CDE372F}"
EndProject
Project("{FAE04EC0-301F-11D3-BF4B-00C04F79EFBC}") = "Assembly-CSharp-Editor", "Assembly-CSharp-Editor.csproj", "{A32F57B4-2735-B491-118D-900783AC428F}"
EndProject
Project("{FAE04EC0-301F-11D3-BF4B-00C04F79EFBC}") = "CFXRRuntime", "CFXRRuntime.csproj", "{D764E2F1-0319-9C80-5F25-AA1464248B24}"
EndProject
Project("{FAE04EC0-301F-11D3-BF4B-00C04F79EFBC}") = "CFXRDemo", "CFXRDemo.csproj", "{B595FEE3-36AD-9C0D-970B-D3C8E3ED2DF3}"
EndProject
Project("{FAE04EC0-301F-11D3-BF4B-00C04F79EFBC}") = "KinoBloom.Runtime", "KinoBloom.Runtime.csproj", "{243A71BA-8B04-1DE8-805B-41F6A43EE67E}"
EndProject
Project("{FAE04EC0-301F-11D3-BF4B-00C04F79EFBC}") = "ToonyColorsPro.Demo.Editor", "ToonyColorsPro.Demo.Editor.csproj", "{02DA4CFB-3B9D-FB95-97EE-23C87675D77A}"
EndProject
Project("{FAE04EC0-301F-11D3-BF4B-00C04F79EFBC}") = "CFXR.WelcomeScreen", "CFXR.WelcomeScreen.csproj", "{D4AEFCC1-9002-1B83-5C17-7B12536F711A}"
EndProject
Global
	GlobalSection(SolutionConfigurationPlatforms) = preSolution
		Debug|Any CPU = Debug|Any CPU
		Release|Any CPU = Release|Any CPU
	EndGlobalSection
	GlobalSection(ProjectConfigurationPlatforms) = postSolution
		{0B0BE10E-7B7F-B59A-6DF3-1DCA51D7EA57}.Debug|Any CPU.ActiveCfg = Debug|Any CPU
		{0B0BE10E-7B7F-B59A-6DF3-1DCA51D7EA57}.Debug|Any CPU.Build.0 = Debug|Any CPU
		{0B0BE10E-7B7F-B59A-6DF3-1DCA51D7EA57}.Release|Any CPU.ActiveCfg = Release|Any CPU
		{0B0BE10E-7B7F-B59A-6DF3-1DCA51D7EA57}.Release|Any CPU.Build.0 = Release|Any CPU
		{9B700EE0-FA83-772A-5E5D-F36A1CDE372F}.Debug|Any CPU.ActiveCfg = Debug|Any CPU
		{9B700EE0-FA83-772A-5E5D-F36A1CDE372F}.Debug|Any CPU.Build.0 = Debug|Any CPU
		{9B700EE0-FA83-772A-5E5D-F36A1CDE372F}.Release|Any CPU.ActiveCfg = Release|Any CPU
		{9B700EE0-FA83-772A-5E5D-F36A1CDE372F}.Release|Any CPU.Build.0 = Release|Any CPU
		{A32F57B4-2735-B491-118D-900783AC428F}.Debug|Any CPU.ActiveCfg = Debug|Any CPU
		{A32F57B4-2735-B491-118D-900783AC428F}.Debug|Any CPU.Build.0 = Debug|Any CPU
		{A32F57B4-2735-B491-118D-900783AC428F}.Release|Any CPU.ActiveCfg = Release|Any CPU
		{A32F57B4-2735-B491-118D-900783AC428F}.Release|Any CPU.Build.0 = Release|Any CPU
		{D764E2F1-0319-9C80-5F25-AA1464248B24}.Debug|Any CPU.ActiveCfg = Debug|Any CPU
		{D764E2F1-0319-9C80-5F25-AA1464248B24}.Debug|Any CPU.Build.0 = Debug|Any CPU
		{D764E2F1-0319-9C80-5F25-AA1464248B24}.Release|Any CPU.ActiveCfg = Release|Any CPU
		{D764E2F1-0319-9C80-5F25-AA1464248B24}.Release|Any CPU.Build.0 = Release|Any CPU
		{B595FEE3-36AD-9C0D-970B-D3C8E3ED2DF3}.Debug|Any CPU.ActiveCfg = Debug|Any CPU
		{B595FEE3-36AD-9C0D-970B-D3C8E3ED2DF3}.Debug|Any CPU.Build.0 = Debug|Any CPU
		{B595FEE3-36AD-9C0D-970B-D3C8E3ED2DF3}.Release|Any CPU.ActiveCfg = Release|Any CPU
		{B595FEE3-36AD-9C0D-970B-D3C8E3ED2DF3}.Release|Any CPU.Build.0 = Release|Any CPU
		{243A71BA-8B04-1DE8-805B-41F6A43EE67E}.Debug|Any CPU.ActiveCfg = Debug|Any CPU
		{243A71BA-8B04-1DE8-805B-41F6A43EE67E}.Debug|Any CPU.Build.0 = Debug|Any CPU
		{243A71BA-8B04-1DE8-805B-41F6A43EE67E}.Release|Any CPU.ActiveCfg = Release|Any CPU
		{243A71BA-8B04-1DE8-805B-41F6A43EE67E}.Release|Any CPU.Build.0 = Release|Any CPU
		{02DA4CFB-3B9D-FB95-97EE-23C87675D77A}.Debug|Any CPU.ActiveCfg = Debug|Any CPU
		{02DA4CFB-3B9D-FB95-97EE-23C87675D77A}.Debug|Any CPU.Build.0 = Debug|Any CPU
		{02DA4CFB-3B9D-FB95-97EE-23C87675D77A}.Release|Any CPU.ActiveCfg = Release|Any CPU
		{02DA4CFB-3B9D-FB95-97EE-23C87675D77A}.Release|Any CPU.Build.0 = Release|Any CPU
		{D4AEFCC1-9002-1B83-5C17-7B12536F711A}.Debug|Any CPU.ActiveCfg = Debug|Any CPU
		{D4AEFCC1-9002-1B83-5C17-7B12536F711A}.Debug|Any CPU.Build.0 = Debug|Any CPU
		{D4AEFCC1-9002-1B83-5C17-7B12536F711A}.Release|Any CPU.ActiveCfg = Release|Any CPU
		{D4AEFCC1-9002-1B83-5C17-7B12536F711A}.Release|Any CPU.Build.0 = Release|Any CPU
	EndGlobalSection
	GlobalSection(SolutionProperties) = preSolution
		HideSolutionNode = FALSE
	EndGlobalSection
EndGlobal
