
Microsoft Visual Studio Solution File, Format Version 11.00
# Visual Studio 2010
Project("{FAE04EC0-301F-11D3-BF4B-00C04F79EFBC}") = "CFXREditor", "CFXREditor.csproj", "{0ee10b0b-7f7b-9ab5-6df3-1dca51d7ea57}"
EndProject
Project("{FAE04EC0-301F-11D3-BF4B-00C04F79EFBC}") = "Assembly-CSharp", "Assembly-CSharp.csproj", "{e00e709b-83fa-2a77-5e5d-f36a1cde372f}"
EndProject
Project("{FAE04EC0-301F-11D3-BF4B-00C04F79EFBC}") = "Assembly-CSharp-Editor", "Assembly-CSharp-Editor.csproj", "{b4572fa3-3527-91b4-118d-900783ac428f}"
EndProject
Project("{FAE04EC0-301F-11D3-BF4B-00C04F79EFBC}") = "Boxophobic.Utils.Scripts", "Boxophobic.Utils.Scripts.csproj", "{8d65bb29-e278-6232-f1ae-5c82b520d82b}"
EndProject
Project("{FAE04EC0-301F-11D3-BF4B-00C04F79EFBC}") = "Boxophobic.Utils.Editor", "Boxophobic.Utils.Editor.csproj", "{8a111682-db22-7177-a8e3-bb9378e8aab2}"
EndProject
Project("{FAE04EC0-301F-11D3-BF4B-00C04F79EFBC}") = "Boxophobic.SkyboxCubemapExtended.Editor", "Boxophobic.SkyboxCubemapExtended.Editor.csproj", "{3458584a-f19c-7f19-5251-378205c2361b}"
EndProject
Project("{FAE04EC0-301F-11D3-BF4B-00C04F79EFBC}") = "CFXRRuntime", "CFXRRuntime.csproj", "{f1e264d7-1903-809c-5f25-aa1464248b24}"
EndProject
Project("{FAE04EC0-301F-11D3-BF4B-00C04F79EFBC}") = "CFXRDemo", "CFXRDemo.csproj", "{e3fe95b5-ad36-0d9c-970b-d3c8e3ed2df3}"
EndProject
Project("{FAE04EC0-301F-11D3-BF4B-00C04F79EFBC}") = "KinoBloom.Runtime", "KinoBloom.Runtime.csproj", "{ba713a24-048b-e81d-805b-41f6a43ee67e}"
EndProject
Project("{FAE04EC0-301F-11D3-BF4B-00C04F79EFBC}") = "ToonyColorsPro.Demo.Editor", "ToonyColorsPro.Demo.Editor.csproj", "{fb4cda02-9d3b-95fb-97ee-23c87675d77a}"
EndProject
Project("{FAE04EC0-301F-11D3-BF4B-00C04F79EFBC}") = "CFXR.WelcomeScreen", "CFXR.WelcomeScreen.csproj", "{c1fcaed4-0290-831b-5c17-7b12536f711a}"
EndProject
Global
	GlobalSection(SolutionConfigurationPlatforms) = preSolution
		Debug|Any CPU = Debug|Any CPU
	EndGlobalSection
	GlobalSection(ProjectConfigurationPlatforms) = postSolution
		{0ee10b0b-7f7b-9ab5-6df3-1dca51d7ea57}.Debug|Any CPU.ActiveCfg = Debug|Any CPU
		{0ee10b0b-7f7b-9ab5-6df3-1dca51d7ea57}.Debug|Any CPU.Build.0 = Debug|Any CPU
		{e00e709b-83fa-2a77-5e5d-f36a1cde372f}.Debug|Any CPU.ActiveCfg = Debug|Any CPU
		{e00e709b-83fa-2a77-5e5d-f36a1cde372f}.Debug|Any CPU.Build.0 = Debug|Any CPU
		{b4572fa3-3527-91b4-118d-900783ac428f}.Debug|Any CPU.ActiveCfg = Debug|Any CPU
		{b4572fa3-3527-91b4-118d-900783ac428f}.Debug|Any CPU.Build.0 = Debug|Any CPU
		{8d65bb29-e278-6232-f1ae-5c82b520d82b}.Debug|Any CPU.ActiveCfg = Debug|Any CPU
		{8d65bb29-e278-6232-f1ae-5c82b520d82b}.Debug|Any CPU.Build.0 = Debug|Any CPU
		{8a111682-db22-7177-a8e3-bb9378e8aab2}.Debug|Any CPU.ActiveCfg = Debug|Any CPU
		{8a111682-db22-7177-a8e3-bb9378e8aab2}.Debug|Any CPU.Build.0 = Debug|Any CPU
		{3458584a-f19c-7f19-5251-378205c2361b}.Debug|Any CPU.ActiveCfg = Debug|Any CPU
		{3458584a-f19c-7f19-5251-378205c2361b}.Debug|Any CPU.Build.0 = Debug|Any CPU
		{f1e264d7-1903-809c-5f25-aa1464248b24}.Debug|Any CPU.ActiveCfg = Debug|Any CPU
		{f1e264d7-1903-809c-5f25-aa1464248b24}.Debug|Any CPU.Build.0 = Debug|Any CPU
		{e3fe95b5-ad36-0d9c-970b-d3c8e3ed2df3}.Debug|Any CPU.ActiveCfg = Debug|Any CPU
		{e3fe95b5-ad36-0d9c-970b-d3c8e3ed2df3}.Debug|Any CPU.Build.0 = Debug|Any CPU
		{ba713a24-048b-e81d-805b-41f6a43ee67e}.Debug|Any CPU.ActiveCfg = Debug|Any CPU
		{ba713a24-048b-e81d-805b-41f6a43ee67e}.Debug|Any CPU.Build.0 = Debug|Any CPU
		{fb4cda02-9d3b-95fb-97ee-23c87675d77a}.Debug|Any CPU.ActiveCfg = Debug|Any CPU
		{fb4cda02-9d3b-95fb-97ee-23c87675d77a}.Debug|Any CPU.Build.0 = Debug|Any CPU
		{c1fcaed4-0290-831b-5c17-7b12536f711a}.Debug|Any CPU.ActiveCfg = Debug|Any CPU
		{c1fcaed4-0290-831b-5c17-7b12536f711a}.Debug|Any CPU.Build.0 = Debug|Any CPU
	EndGlobalSection
	GlobalSection(SolutionProperties) = preSolution
		HideSolutionNode = FALSE
	EndGlobalSection
EndGlobal
